
Microsoft Visual Studio Solution File, Format Version 12.00
# Visual Studio Version 17
VisualStudioVersion = 17.11.35208.52
MinimumVisualStudioVersion = 10.0.40219.1
Project("{9A19103F-16F7-4668-BE54-9A1E7A4F7556}") = "Palacio", "Palacio\Palacio.csproj", "{61402F2E-C689-4F7B-9E37-701E1E4C46BE}"
EndProject
Global
	GlobalSection(SolutionConfigurationPlatforms) = preSolution
		Debug|Any CPU = Debug|Any CPU
		Release|Any CPU = Release|Any CPU
	EndGlobalSection
	GlobalSection(ProjectConfigurationPlatforms) = postSolution
		{61402F2E-C689-4F7B-9E37-701E1E4C46BE}.Debug|Any CPU.ActiveCfg = Debug|Any CPU
		{61402F2E-C689-4F7B-9E37-701E1E4C46BE}.Debug|Any CPU.Build.0 = Debug|Any CPU
		{61402F2E-C689-4F7B-9E37-701E1E4C46BE}.Release|Any CPU.ActiveCfg = Release|Any CPU
		{61402F2E-C689-4F7B-9E37-701E1E4C46BE}.Release|Any CPU.Build.0 = Release|Any CPU
	EndGlobalSection
	GlobalSection(SolutionProperties) = preSolution
		HideSolutionNode = FALSE
	EndGlobalSection
	GlobalSection(ExtensibilityGlobals) = postSolution
		SolutionGuid = {51CCF39D-C830-4BFC-9DBE-1A1419C84484}
	EndGlobalSection
EndGlobal
